
Microsoft Visual Studio Solution File, Format Version 12.00
# Visual Studio Version 16
VisualStudioVersion = 16.0.31702.278
MinimumVisualStudioVersion = 10.0.40219.1
Project("{FAE04EC0-301F-11D3-BF4B-00C04F79EFBC}") = "StackQueue", "StackQueue.csproj", "{C556DFF2-12BA-4D56-8B84-E09E14ED3826}"
EndProject
Global
	GlobalSection(SolutionConfigurationPlatforms) = preSolution
		Debug|Any CPU = Debug|Any CPU
		Release|Any CPU = Release|Any CPU
	EndGlobalSection
	GlobalSection(ProjectConfigurationPlatforms) = postSolution
		{C556DFF2-12BA-4D56-8B84-E09E14ED3826}.Debug|Any CPU.ActiveCfg = Debug|Any CPU
		{C556DFF2-12BA-4D56-8B84-E09E14ED3826}.Debug|Any CPU.Build.0 = Debug|Any CPU
		{C556DFF2-12BA-4D56-8B84-E09E14ED3826}.Release|Any CPU.ActiveCfg = Release|Any CPU
		{C556DFF2-12BA-4D56-8B84-E09E14ED3826}.Release|Any CPU.Build.0 = Release|Any CPU
	EndGlobalSection
	GlobalSection(SolutionProperties) = preSolution
		HideSolutionNode = FALSE
	EndGlobalSection
	GlobalSection(ExtensibilityGlobals) = postSolution
		SolutionGuid = {46DE82B7-D86B-4094-875B-33768F996156}
	EndGlobalSection
EndGlobal
